
Microsoft Visual Studio Solution File, Format Version 12.00
# Visual Studio Version 16
VisualStudioVersion = 16.0.31424.327
MinimumVisualStudioVersion = 10.0.40219.1
Project("{8BC9CEB8-8B4A-11D0-8D11-00A0C91BC942}") = "My_own_cryptocurrency", "My_own_cryptocurrency\My_own_cryptocurrency.vcxproj", "{6F191754-8510-455B-A3BF-16D861E840A4}"
	ProjectSection(ProjectDependencies) = postProject
		{C39F4B46-6E89-4074-902E-CA57073044D2} = {C39F4B46-6E89-4074-902E-CA57073044D2}
	EndProjectSection
EndProject
Project("{8BC9CEB8-8B4A-11D0-8D11-00A0C91BC942}") = "cryptlib", "cryptopp\cryptlib.vcxproj", "{C39F4B46-6E89-4074-902E-CA57073044D2}"
EndProject
Project("{8BC9CEB8-8B4A-11D0-8D11-00A0C91BC942}") = "sqlite3", "sqlite-amalgamation-3360000\win-build\sqlite3.vcxproj", "{FC2B766E-3620-3C8C-9756-96B220DC7205}"
EndProject
Project("{8BC9CEB8-8B4A-11D0-8D11-00A0C91BC942}") = "sqlite3-shell", "sqlite-amalgamation-3360000\win-build\sqlite3-shell.vcxproj", "{9D35E433-FE6D-31C4-A86D-F97857D29FA9}"
EndProject
Global
	GlobalSection(SolutionConfigurationPlatforms) = preSolution
		Debug|x64 = Debug|x64
		Debug|x86 = Debug|x86
		DLL-Import Debug|x64 = DLL-Import Debug|x64
		DLL-Import Debug|x86 = DLL-Import Debug|x86
		DLL-Import Release|x64 = DLL-Import Release|x64
		DLL-Import Release|x86 = DLL-Import Release|x86
		MinSizeRel|x64 = MinSizeRel|x64
		MinSizeRel|x86 = MinSizeRel|x86
		Release|x64 = Release|x64
		Release|x86 = Release|x86
		RelWithDebInfo|x64 = RelWithDebInfo|x64
		RelWithDebInfo|x86 = RelWithDebInfo|x86
	EndGlobalSection
	GlobalSection(ProjectConfigurationPlatforms) = postSolution
		{6F191754-8510-455B-A3BF-16D861E840A4}.Debug|x64.ActiveCfg = Debug|x64
		{6F191754-8510-455B-A3BF-16D861E840A4}.Debug|x64.Build.0 = Debug|x64
		{6F191754-8510-455B-A3BF-16D861E840A4}.Debug|x86.ActiveCfg = Debug|Win32
		{6F191754-8510-455B-A3BF-16D861E840A4}.Debug|x86.Build.0 = Debug|Win32
		{6F191754-8510-455B-A3BF-16D861E840A4}.DLL-Import Debug|x64.ActiveCfg = Debug|x64
		{6F191754-8510-455B-A3BF-16D861E840A4}.DLL-Import Debug|x64.Build.0 = Debug|x64
		{6F191754-8510-455B-A3BF-16D861E840A4}.DLL-Import Debug|x86.ActiveCfg = Debug|Win32
		{6F191754-8510-455B-A3BF-16D861E840A4}.DLL-Import Debug|x86.Build.0 = Debug|Win32
		{6F191754-8510-455B-A3BF-16D861E840A4}.DLL-Import Release|x64.ActiveCfg = Release|x64
		{6F191754-8510-455B-A3BF-16D861E840A4}.DLL-Import Release|x64.Build.0 = Release|x64
		{6F191754-8510-455B-A3BF-16D861E840A4}.DLL-Import Release|x86.ActiveCfg = Release|Win32
		{6F191754-8510-455B-A3BF-16D861E840A4}.DLL-Import Release|x86.Build.0 = Release|Win32
		{6F191754-8510-455B-A3BF-16D861E840A4}.MinSizeRel|x64.ActiveCfg = Debug|x64
		{6F191754-8510-455B-A3BF-16D861E840A4}.MinSizeRel|x64.Build.0 = Debug|x64
		{6F191754-8510-455B-A3BF-16D861E840A4}.MinSizeRel|x86.ActiveCfg = Debug|Win32
		{6F191754-8510-455B-A3BF-16D861E840A4}.MinSizeRel|x86.Build.0 = Debug|Win32
		{6F191754-8510-455B-A3BF-16D861E840A4}.Release|x64.ActiveCfg = Release|x64
		{6F191754-8510-455B-A3BF-16D861E840A4}.Release|x64.Build.0 = Release|x64
		{6F191754-8510-455B-A3BF-16D861E840A4}.Release|x86.ActiveCfg = Release|Win32
		{6F191754-8510-455B-A3BF-16D861E840A4}.Release|x86.Build.0 = Release|Win32
		{6F191754-8510-455B-A3BF-16D861E840A4}.RelWithDebInfo|x64.ActiveCfg = Release|x64
		{6F191754-8510-455B-A3BF-16D861E840A4}.RelWithDebInfo|x64.Build.0 = Release|x64
		{6F191754-8510-455B-A3BF-16D861E840A4}.RelWithDebInfo|x86.ActiveCfg = Release|Win32
		{6F191754-8510-455B-A3BF-16D861E840A4}.RelWithDebInfo|x86.Build.0 = Release|Win32
		{C39F4B46-6E89-4074-902E-CA57073044D2}.Debug|x64.ActiveCfg = Debug|x64
		{C39F4B46-6E89-4074-902E-CA57073044D2}.Debug|x64.Build.0 = Debug|x64
		{C39F4B46-6E89-4074-902E-CA57073044D2}.Debug|x86.ActiveCfg = Debug|Win32
		{C39F4B46-6E89-4074-902E-CA57073044D2}.Debug|x86.Build.0 = Debug|Win32
		{C39F4B46-6E89-4074-902E-CA57073044D2}.DLL-Import Debug|x64.ActiveCfg = DLL-Import Debug|x64
		{C39F4B46-6E89-4074-902E-CA57073044D2}.DLL-Import Debug|x64.Build.0 = DLL-Import Debug|x64
		{C39F4B46-6E89-4074-902E-CA57073044D2}.DLL-Import Debug|x86.ActiveCfg = DLL-Import Debug|Win32
		{C39F4B46-6E89-4074-902E-CA57073044D2}.DLL-Import Debug|x86.Build.0 = DLL-Import Debug|Win32
		{C39F4B46-6E89-4074-902E-CA57073044D2}.DLL-Import Release|x64.ActiveCfg = DLL-Import Release|x64
		{C39F4B46-6E89-4074-902E-CA57073044D2}.DLL-Import Release|x64.Build.0 = DLL-Import Release|x64
		{C39F4B46-6E89-4074-902E-CA57073044D2}.DLL-Import Release|x86.ActiveCfg = DLL-Import Release|Win32
		{C39F4B46-6E89-4074-902E-CA57073044D2}.DLL-Import Release|x86.Build.0 = DLL-Import Release|Win32
		{C39F4B46-6E89-4074-902E-CA57073044D2}.MinSizeRel|x64.ActiveCfg = DLL-Import Debug|x64
		{C39F4B46-6E89-4074-902E-CA57073044D2}.MinSizeRel|x64.Build.0 = DLL-Import Debug|x64
		{C39F4B46-6E89-4074-902E-CA57073044D2}.MinSizeRel|x86.ActiveCfg = Debug|Win32
		{C39F4B46-6E89-4074-902E-CA57073044D2}.MinSizeRel|x86.Build.0 = Debug|Win32
		{C39F4B46-6E89-4074-902E-CA57073044D2}.Release|x64.ActiveCfg = Release|x64
		{C39F4B46-6E89-4074-902E-CA57073044D2}.Release|x64.Build.0 = Release|x64
		{C39F4B46-6E89-4074-902E-CA57073044D2}.Release|x86.ActiveCfg = Release|Win32
		{C39F4B46-6E89-4074-902E-CA57073044D2}.Release|x86.Build.0 = Release|Win32
		{C39F4B46-6E89-4074-902E-CA57073044D2}.RelWithDebInfo|x64.ActiveCfg = Release|x64
		{C39F4B46-6E89-4074-902E-CA57073044D2}.RelWithDebInfo|x64.Build.0 = Release|x64
		{C39F4B46-6E89-4074-902E-CA57073044D2}.RelWithDebInfo|x86.ActiveCfg = Release|Win32
		{C39F4B46-6E89-4074-902E-CA57073044D2}.RelWithDebInfo|x86.Build.0 = Release|Win32
		{FC2B766E-3620-3C8C-9756-96B220DC7205}.Debug|x64.ActiveCfg = Debug|x64
		{FC2B766E-3620-3C8C-9756-96B220DC7205}.Debug|x64.Build.0 = Debug|x64
		{FC2B766E-3620-3C8C-9756-96B220DC7205}.Debug|x86.ActiveCfg = Debug|x64
		{FC2B766E-3620-3C8C-9756-96B220DC7205}.DLL-Import Debug|x64.ActiveCfg = Debug|x64
		{FC2B766E-3620-3C8C-9756-96B220DC7205}.DLL-Import Debug|x64.Build.0 = Debug|x64
		{FC2B766E-3620-3C8C-9756-96B220DC7205}.DLL-Import Debug|x86.ActiveCfg = RelWithDebInfo|x64
		{FC2B766E-3620-3C8C-9756-96B220DC7205}.DLL-Import Debug|x86.Build.0 = RelWithDebInfo|x64
		{FC2B766E-3620-3C8C-9756-96B220DC7205}.DLL-Import Release|x64.ActiveCfg = Release|x64
		{FC2B766E-3620-3C8C-9756-96B220DC7205}.DLL-Import Release|x64.Build.0 = Release|x64
		{FC2B766E-3620-3C8C-9756-96B220DC7205}.DLL-Import Release|x86.ActiveCfg = RelWithDebInfo|x64
		{FC2B766E-3620-3C8C-9756-96B220DC7205}.DLL-Import Release|x86.Build.0 = RelWithDebInfo|x64
		{FC2B766E-3620-3C8C-9756-96B220DC7205}.MinSizeRel|x64.ActiveCfg = MinSizeRel|x64
		{FC2B766E-3620-3C8C-9756-96B220DC7205}.MinSizeRel|x64.Build.0 = MinSizeRel|x64
		{FC2B766E-3620-3C8C-9756-96B220DC7205}.MinSizeRel|x86.ActiveCfg = MinSizeRel|x64
		{FC2B766E-3620-3C8C-9756-96B220DC7205}.Release|x64.ActiveCfg = Release|x64
		{FC2B766E-3620-3C8C-9756-96B220DC7205}.Release|x64.Build.0 = Release|x64
		{FC2B766E-3620-3C8C-9756-96B220DC7205}.Release|x86.ActiveCfg = Release|x64
		{FC2B766E-3620-3C8C-9756-96B220DC7205}.RelWithDebInfo|x64.ActiveCfg = RelWithDebInfo|x64
		{FC2B766E-3620-3C8C-9756-96B220DC7205}.RelWithDebInfo|x64.Build.0 = RelWithDebInfo|x64
		{FC2B766E-3620-3C8C-9756-96B220DC7205}.RelWithDebInfo|x86.ActiveCfg = RelWithDebInfo|x64
		{9D35E433-FE6D-31C4-A86D-F97857D29FA9}.Debug|x64.ActiveCfg = Debug|x64
		{9D35E433-FE6D-31C4-A86D-F97857D29FA9}.Debug|x64.Build.0 = Debug|x64
		{9D35E433-FE6D-31C4-A86D-F97857D29FA9}.Debug|x86.ActiveCfg = Debug|x64
		{9D35E433-FE6D-31C4-A86D-F97857D29FA9}.DLL-Import Debug|x64.ActiveCfg = Debug|x64
		{9D35E433-FE6D-31C4-A86D-F97857D29FA9}.DLL-Import Debug|x64.Build.0 = Debug|x64
		{9D35E433-FE6D-31C4-A86D-F97857D29FA9}.DLL-Import Debug|x86.ActiveCfg = RelWithDebInfo|x64
		{9D35E433-FE6D-31C4-A86D-F97857D29FA9}.DLL-Import Debug|x86.Build.0 = RelWithDebInfo|x64
		{9D35E433-FE6D-31C4-A86D-F97857D29FA9}.DLL-Import Release|x64.ActiveCfg = Release|x64
		{9D35E433-FE6D-31C4-A86D-F97857D29FA9}.DLL-Import Release|x64.Build.0 = Release|x64
		{9D35E433-FE6D-31C4-A86D-F97857D29FA9}.DLL-Import Release|x86.ActiveCfg = RelWithDebInfo|x64
		{9D35E433-FE6D-31C4-A86D-F97857D29FA9}.DLL-Import Release|x86.Build.0 = RelWithDebInfo|x64
		{9D35E433-FE6D-31C4-A86D-F97857D29FA9}.MinSizeRel|x64.ActiveCfg = MinSizeRel|x64
		{9D35E433-FE6D-31C4-A86D-F97857D29FA9}.MinSizeRel|x64.Build.0 = MinSizeRel|x64
		{9D35E433-FE6D-31C4-A86D-F97857D29FA9}.MinSizeRel|x86.ActiveCfg = MinSizeRel|x64
		{9D35E433-FE6D-31C4-A86D-F97857D29FA9}.Release|x64.ActiveCfg = Release|x64
		{9D35E433-FE6D-31C4-A86D-F97857D29FA9}.Release|x64.Build.0 = Release|x64
		{9D35E433-FE6D-31C4-A86D-F97857D29FA9}.Release|x86.ActiveCfg = Release|x64
		{9D35E433-FE6D-31C4-A86D-F97857D29FA9}.RelWithDebInfo|x64.ActiveCfg = RelWithDebInfo|x64
		{9D35E433-FE6D-31C4-A86D-F97857D29FA9}.RelWithDebInfo|x64.Build.0 = RelWithDebInfo|x64
		{9D35E433-FE6D-31C4-A86D-F97857D29FA9}.RelWithDebInfo|x86.ActiveCfg = RelWithDebInfo|x64
	EndGlobalSection
	GlobalSection(SolutionProperties) = preSolution
		HideSolutionNode = FALSE
	EndGlobalSection
	GlobalSection(ExtensibilityGlobals) = postSolution
		SolutionGuid = {2430025C-699E-4C56-9D5A-CC3F33895A37}
	EndGlobalSection
EndGlobal
