
Microsoft Visual Studio Solution File, Format Version 12.00
# Visual Studio Version 16
Project("{8BC9CEB8-8B4A-11D0-8D11-00A0C91BC942}") = "ALL_BUILD", "ALL_BUILD.vcxproj", "{2515F8CA-2E60-3515-940F-062F1690094E}"
	ProjectSection(ProjectDependencies) = postProject
		{37897B08-5917-321B-ACFB-E95461D572F2} = {37897B08-5917-321B-ACFB-E95461D572F2}
		{C6EE836C-DCD1-34AE-B666-8D2D901B963F} = {C6EE836C-DCD1-34AE-B666-8D2D901B963F}
		{A0FABB2B-0856-37E4-BA9F-7820A1733E8C} = {A0FABB2B-0856-37E4-BA9F-7820A1733E8C}
	EndProjectSection
EndProject
Project("{8BC9CEB8-8B4A-11D0-8D11-00A0C91BC942}") = "ZERO_CHECK", "ZERO_CHECK.vcxproj", "{37897B08-5917-321B-ACFB-E95461D572F2}"
	ProjectSection(ProjectDependencies) = postProject
	EndProjectSection
EndProject
Project("{8BC9CEB8-8B4A-11D0-8D11-00A0C91BC942}") = "sqlite3", "sqlite3.vcxproj", "{C6EE836C-DCD1-34AE-B666-8D2D901B963F}"
	ProjectSection(ProjectDependencies) = postProject
		{37897B08-5917-321B-ACFB-E95461D572F2} = {37897B08-5917-321B-ACFB-E95461D572F2}
	EndProjectSection
EndProject
Project("{8BC9CEB8-8B4A-11D0-8D11-00A0C91BC942}") = "sqlite3-shell", "sqlite3-shell.vcxproj", "{A0FABB2B-0856-37E4-BA9F-7820A1733E8C}"
	ProjectSection(ProjectDependencies) = postProject
		{37897B08-5917-321B-ACFB-E95461D572F2} = {37897B08-5917-321B-ACFB-E95461D572F2}
		{C6EE836C-DCD1-34AE-B666-8D2D901B963F} = {C6EE836C-DCD1-34AE-B666-8D2D901B963F}
	EndProjectSection
EndProject
Global
	GlobalSection(SolutionConfigurationPlatforms) = preSolution
		Debug|x64 = Debug|x64
		Release|x64 = Release|x64
		MinSizeRel|x64 = MinSizeRel|x64
		RelWithDebInfo|x64 = RelWithDebInfo|x64
	EndGlobalSection
	GlobalSection(ProjectConfigurationPlatforms) = postSolution
		{2515F8CA-2E60-3515-940F-062F1690094E}.Debug|x64.ActiveCfg = Debug|x64
		{2515F8CA-2E60-3515-940F-062F1690094E}.Release|x64.ActiveCfg = Release|x64
		{2515F8CA-2E60-3515-940F-062F1690094E}.MinSizeRel|x64.ActiveCfg = MinSizeRel|x64
		{2515F8CA-2E60-3515-940F-062F1690094E}.RelWithDebInfo|x64.ActiveCfg = RelWithDebInfo|x64
		{37897B08-5917-321B-ACFB-E95461D572F2}.Debug|x64.ActiveCfg = Debug|x64
		{37897B08-5917-321B-ACFB-E95461D572F2}.Debug|x64.Build.0 = Debug|x64
		{37897B08-5917-321B-ACFB-E95461D572F2}.Release|x64.ActiveCfg = Release|x64
		{37897B08-5917-321B-ACFB-E95461D572F2}.Release|x64.Build.0 = Release|x64
		{37897B08-5917-321B-ACFB-E95461D572F2}.MinSizeRel|x64.ActiveCfg = MinSizeRel|x64
		{37897B08-5917-321B-ACFB-E95461D572F2}.MinSizeRel|x64.Build.0 = MinSizeRel|x64
		{37897B08-5917-321B-ACFB-E95461D572F2}.RelWithDebInfo|x64.ActiveCfg = RelWithDebInfo|x64
		{37897B08-5917-321B-ACFB-E95461D572F2}.RelWithDebInfo|x64.Build.0 = RelWithDebInfo|x64
		{C6EE836C-DCD1-34AE-B666-8D2D901B963F}.Debug|x64.ActiveCfg = Debug|x64
		{C6EE836C-DCD1-34AE-B666-8D2D901B963F}.Debug|x64.Build.0 = Debug|x64
		{C6EE836C-DCD1-34AE-B666-8D2D901B963F}.Release|x64.ActiveCfg = Release|x64
		{C6EE836C-DCD1-34AE-B666-8D2D901B963F}.Release|x64.Build.0 = Release|x64
		{C6EE836C-DCD1-34AE-B666-8D2D901B963F}.MinSizeRel|x64.ActiveCfg = MinSizeRel|x64
		{C6EE836C-DCD1-34AE-B666-8D2D901B963F}.MinSizeRel|x64.Build.0 = MinSizeRel|x64
		{C6EE836C-DCD1-34AE-B666-8D2D901B963F}.RelWithDebInfo|x64.ActiveCfg = RelWithDebInfo|x64
		{C6EE836C-DCD1-34AE-B666-8D2D901B963F}.RelWithDebInfo|x64.Build.0 = RelWithDebInfo|x64
		{A0FABB2B-0856-37E4-BA9F-7820A1733E8C}.Debug|x64.ActiveCfg = Debug|x64
		{A0FABB2B-0856-37E4-BA9F-7820A1733E8C}.Debug|x64.Build.0 = Debug|x64
		{A0FABB2B-0856-37E4-BA9F-7820A1733E8C}.Release|x64.ActiveCfg = Release|x64
		{A0FABB2B-0856-37E4-BA9F-7820A1733E8C}.Release|x64.Build.0 = Release|x64
		{A0FABB2B-0856-37E4-BA9F-7820A1733E8C}.MinSizeRel|x64.ActiveCfg = MinSizeRel|x64
		{A0FABB2B-0856-37E4-BA9F-7820A1733E8C}.MinSizeRel|x64.Build.0 = MinSizeRel|x64
		{A0FABB2B-0856-37E4-BA9F-7820A1733E8C}.RelWithDebInfo|x64.ActiveCfg = RelWithDebInfo|x64
		{A0FABB2B-0856-37E4-BA9F-7820A1733E8C}.RelWithDebInfo|x64.Build.0 = RelWithDebInfo|x64
	EndGlobalSection
	GlobalSection(ExtensibilityGlobals) = postSolution
		SolutionGuid = {9A237205-3C1B-3557-A0C1-EBB560A0A0D7}
	EndGlobalSection
	GlobalSection(ExtensibilityAddIns) = postSolution
	EndGlobalSection
EndGlobal
