
Microsoft Visual Studio Solution File, Format Version 12.00
# Visual Studio Version 16
Project("{8BC9CEB8-8B4A-11D0-8D11-00A0C91BC942}") = "ALL_BUILD", "ALL_BUILD.vcxproj", "{E84C4BB1-F1A7-304C-865F-27DA55B7DCB6}"
	ProjectSection(ProjectDependencies) = postProject
		{DD69AEC8-3775-3390-A975-A660FA0862D4} = {DD69AEC8-3775-3390-A975-A660FA0862D4}
		{8AE79A36-D2F4-3840-8954-0DA81E780A6D} = {8AE79A36-D2F4-3840-8954-0DA81E780A6D}
		{31D1C4E2-1833-3A65-A1BC-481B8BE17292} = {31D1C4E2-1833-3A65-A1BC-481B8BE17292}
	EndProjectSection
EndProject
Project("{8BC9CEB8-8B4A-11D0-8D11-00A0C91BC942}") = "ZERO_CHECK", "ZERO_CHECK.vcxproj", "{DD69AEC8-3775-3390-A975-A660FA0862D4}"
	ProjectSection(ProjectDependencies) = postProject
	EndProjectSection
EndProject
Project("{8BC9CEB8-8B4A-11D0-8D11-00A0C91BC942}") = "sqlite3", "sqlite3.vcxproj", "{8AE79A36-D2F4-3840-8954-0DA81E780A6D}"
	ProjectSection(ProjectDependencies) = postProject
		{DD69AEC8-3775-3390-A975-A660FA0862D4} = {DD69AEC8-3775-3390-A975-A660FA0862D4}
	EndProjectSection
EndProject
Project("{8BC9CEB8-8B4A-11D0-8D11-00A0C91BC942}") = "sqlite3-shell", "sqlite3-shell.vcxproj", "{31D1C4E2-1833-3A65-A1BC-481B8BE17292}"
	ProjectSection(ProjectDependencies) = postProject
		{DD69AEC8-3775-3390-A975-A660FA0862D4} = {DD69AEC8-3775-3390-A975-A660FA0862D4}
		{8AE79A36-D2F4-3840-8954-0DA81E780A6D} = {8AE79A36-D2F4-3840-8954-0DA81E780A6D}
	EndProjectSection
EndProject
Global
	GlobalSection(SolutionConfigurationPlatforms) = preSolution
		Debug|x64 = Debug|x64
		Release|x64 = Release|x64
		MinSizeRel|x64 = MinSizeRel|x64
		RelWithDebInfo|x64 = RelWithDebInfo|x64
	EndGlobalSection
	GlobalSection(ProjectConfigurationPlatforms) = postSolution
		{E84C4BB1-F1A7-304C-865F-27DA55B7DCB6}.Debug|x64.ActiveCfg = Debug|x64
		{E84C4BB1-F1A7-304C-865F-27DA55B7DCB6}.Release|x64.ActiveCfg = Release|x64
		{E84C4BB1-F1A7-304C-865F-27DA55B7DCB6}.MinSizeRel|x64.ActiveCfg = MinSizeRel|x64
		{E84C4BB1-F1A7-304C-865F-27DA55B7DCB6}.RelWithDebInfo|x64.ActiveCfg = RelWithDebInfo|x64
		{DD69AEC8-3775-3390-A975-A660FA0862D4}.Debug|x64.ActiveCfg = Debug|x64
		{DD69AEC8-3775-3390-A975-A660FA0862D4}.Debug|x64.Build.0 = Debug|x64
		{DD69AEC8-3775-3390-A975-A660FA0862D4}.Release|x64.ActiveCfg = Release|x64
		{DD69AEC8-3775-3390-A975-A660FA0862D4}.Release|x64.Build.0 = Release|x64
		{DD69AEC8-3775-3390-A975-A660FA0862D4}.MinSizeRel|x64.ActiveCfg = MinSizeRel|x64
		{DD69AEC8-3775-3390-A975-A660FA0862D4}.MinSizeRel|x64.Build.0 = MinSizeRel|x64
		{DD69AEC8-3775-3390-A975-A660FA0862D4}.RelWithDebInfo|x64.ActiveCfg = RelWithDebInfo|x64
		{DD69AEC8-3775-3390-A975-A660FA0862D4}.RelWithDebInfo|x64.Build.0 = RelWithDebInfo|x64
		{8AE79A36-D2F4-3840-8954-0DA81E780A6D}.Debug|x64.ActiveCfg = Debug|x64
		{8AE79A36-D2F4-3840-8954-0DA81E780A6D}.Debug|x64.Build.0 = Debug|x64
		{8AE79A36-D2F4-3840-8954-0DA81E780A6D}.Release|x64.ActiveCfg = Release|x64
		{8AE79A36-D2F4-3840-8954-0DA81E780A6D}.Release|x64.Build.0 = Release|x64
		{8AE79A36-D2F4-3840-8954-0DA81E780A6D}.MinSizeRel|x64.ActiveCfg = MinSizeRel|x64
		{8AE79A36-D2F4-3840-8954-0DA81E780A6D}.MinSizeRel|x64.Build.0 = MinSizeRel|x64
		{8AE79A36-D2F4-3840-8954-0DA81E780A6D}.RelWithDebInfo|x64.ActiveCfg = RelWithDebInfo|x64
		{8AE79A36-D2F4-3840-8954-0DA81E780A6D}.RelWithDebInfo|x64.Build.0 = RelWithDebInfo|x64
		{31D1C4E2-1833-3A65-A1BC-481B8BE17292}.Debug|x64.ActiveCfg = Debug|x64
		{31D1C4E2-1833-3A65-A1BC-481B8BE17292}.Debug|x64.Build.0 = Debug|x64
		{31D1C4E2-1833-3A65-A1BC-481B8BE17292}.Release|x64.ActiveCfg = Release|x64
		{31D1C4E2-1833-3A65-A1BC-481B8BE17292}.Release|x64.Build.0 = Release|x64
		{31D1C4E2-1833-3A65-A1BC-481B8BE17292}.MinSizeRel|x64.ActiveCfg = MinSizeRel|x64
		{31D1C4E2-1833-3A65-A1BC-481B8BE17292}.MinSizeRel|x64.Build.0 = MinSizeRel|x64
		{31D1C4E2-1833-3A65-A1BC-481B8BE17292}.RelWithDebInfo|x64.ActiveCfg = RelWithDebInfo|x64
		{31D1C4E2-1833-3A65-A1BC-481B8BE17292}.RelWithDebInfo|x64.Build.0 = RelWithDebInfo|x64
	EndGlobalSection
	GlobalSection(ExtensibilityGlobals) = postSolution
		SolutionGuid = {E56C319E-2E1E-3019-9809-76EB77FBDCB9}
	EndGlobalSection
	GlobalSection(ExtensibilityAddIns) = postSolution
	EndGlobalSection
EndGlobal
